{
  "name": "app-col-challenge-january",
  "version": "0.1.0",
  "lockfileVersion": 1,
  "requires": true,
  "dependencies": {
    "@cells/cells-bridge": {
      "version": "3.19.2",
      "resolved": "https://globaldevtools.bbva.com/artifactory/api/npm/npm-repo/@cells/cells-bridge/-/@cells/cells-bridge-3.19.2.tgz",
      "integrity": "sha1-D4npQnfcpRdxUAJZLRsj+H7QCfI=",
      "requires": {
        "cells-semaas-adapter": "^2.2.1",
        "es5-dot-prop": "^4.1.1",
        "rxjs": "^6.4.0"
      }
    },
    "cells-app-template": {
      "version": "3.1.5",
      "resolved": "https://globaldevtools.bbva.com/artifactory/api/npm/npm-repo/cells-app-template/-/cells-app-template-3.1.5.tgz",
      "integrity": "sha1-Pvbqbq+Z3mVcR2uauf8wpYfX9nA="
    },
    "cells-semaas-adapter": {
      "version": "2.2.1",
      "resolved": "https://globaldevtools.bbva.com/artifactory/api/npm/npm-repo/cells-semaas-adapter/-/cells-semaas-adapter-2.2.1.tgz",
      "integrity": "sha1-FWPEm0c+YhbRtfcRwehDmDQK9Jg="
    },
    "es5-dot-prop": {
      "version": "4.1.1",
      "resolved": "https://globaldevtools.bbva.com/artifactory/api/npm/npm-repo/es5-dot-prop/-/es5-dot-prop-4.1.1.tgz",
      "integrity": "sha1-chAhU+q7N0DWa3Ndphbi3Zvlc3s=",
      "requires": {
        "is-obj": "^1.0.0"
      }
    },
    "is-obj": {
      "version": "1.0.1",
      "resolved": "https://globaldevtools.bbva.com/artifactory/api/npm/npm-repo/is-obj/-/is-obj-1.0.1.tgz",
      "integrity": "sha1-PkcprB9f3gJc19g6iW2rn09n2w8="
    },
    "rxjs": {
      "version": "6.6.7",
      "resolved": "https://globaldevtools.bbva.com/artifactory/api/npm/npm-repo/rxjs/-/rxjs-6.6.7.tgz",
      "integrity": "sha1-kKwBisq/SRv2UEQjXVhjxNq4BMk=",
      "requires": {
        "tslib": "^1.9.0"
      }
    },
    "tslib": {
      "version": "1.14.1",
      "resolved": "https://globaldevtools.bbva.com/artifactory/api/npm/npm-repo/tslib/-/tslib-1.14.1.tgz",
      "integrity": "sha1-zy04vcNKE0vK8QkcQfZhni9nLQA="
    }
  }
}
